
Microsoft Visual Studio Solution File, Format Version 12.00
# Visual Studio Version 16
VisualStudioVersion = 16.0.30114.105
MinimumVisualStudioVersion = 10.0.40219.1
Project("{2150E333-8FDC-42A3-9474-1A3956D46DE8}") = "src", "src", "{059C77A8-1625-493A-A286-BD84D3BB3D8F}"
EndProject
Project("{FAE04EC0-301F-11D3-BF4B-00C04F79EFBC}") = "Altseed2Template", "src\Altseed2Template\Altseed2Template.csproj", "{C7DAB621-E8E5-49F8-B859-61FF4B35C661}"
EndProject
Global
	GlobalSection(SolutionConfigurationPlatforms) = preSolution
		Debug|Any CPU = Debug|Any CPU
		Release|Any CPU = Release|Any CPU
	EndGlobalSection
	GlobalSection(SolutionProperties) = preSolution
		HideSolutionNode = FALSE
	EndGlobalSection
	GlobalSection(ProjectConfigurationPlatforms) = postSolution
		{C7DAB621-E8E5-49F8-B859-61FF4B35C661}.Debug|Any CPU.ActiveCfg = Debug|Any CPU
		{C7DAB621-E8E5-49F8-B859-61FF4B35C661}.Debug|Any CPU.Build.0 = Debug|Any CPU
		{C7DAB621-E8E5-49F8-B859-61FF4B35C661}.Release|Any CPU.ActiveCfg = Release|Any CPU
		{C7DAB621-E8E5-49F8-B859-61FF4B35C661}.Release|Any CPU.Build.0 = Release|Any CPU
	EndGlobalSection
	GlobalSection(NestedProjects) = preSolution
		{C7DAB621-E8E5-49F8-B859-61FF4B35C661} = {059C77A8-1625-493A-A286-BD84D3BB3D8F}
	EndGlobalSection
EndGlobal
